// !$*UTF8*$!
{
	archiveVersion = 1;
	classes = {
	};
	objectVersion = 46;
	objects = {

/* Begin PBXBuildFile section */
		4120844A1E61B6A2002A1039 /* main.cpp in Sources */ = {isa = PBXBuildFile; fileRef = 412084491E61B6A2002A1039 /* main.cpp */; };
		412084701E61B8BE002A1039 /* libopencv_aruco.3.2.0.dylib in Frameworks */ = {isa = PBXBuildFile; fileRef = 4120846B1E61B8BE002A1039 /* libopencv_aruco.3.2.0.dylib */; };
		412084711E61B8BE002A1039 /* libopencv_aruco.3.2.0.dylib in Frameworks */ = {isa = PBXBuildFile; fileRef = 4120846B1E61B8BE002A1039 /* libopencv_aruco.3.2.0.dylib */; };
		412084721E61B8BE002A1039 /* libopencv_calib3d.3.2.0.dylib in Frameworks */ = {isa = PBXBuildFile; fileRef = 4120846C1E61B8BE002A1039 /* libopencv_calib3d.3.2.0.dylib */; };
		412084731E61B8BE002A1039 /* libopencv_calib3d.3.2.0.dylib in Frameworks */ = {isa = PBXBuildFile; fileRef = 4120846C1E61B8BE002A1039 /* libopencv_calib3d.3.2.0.dylib */; };
		412084741E61B8BE002A1039 /* libopencv_core.3.2.0.dylib in Frameworks */ = {isa = PBXBuildFile; fileRef = 4120846D1E61B8BE002A1039 /* libopencv_core.3.2.0.dylib */; };
		412084751E61B8BE002A1039 /* libopencv_core.3.2.0.dylib in Frameworks */ = {isa = PBXBuildFile; fileRef = 4120846D1E61B8BE002A1039 /* libopencv_core.3.2.0.dylib */; };
		412084761E61B8BE002A1039 /* libopencv_highgui.3.2.0.dylib in Frameworks */ = {isa = PBXBuildFile; fileRef = 4120846E1E61B8BE002A1039 /* libopencv_highgui.3.2.0.dylib */; };
		412084771E61B8BE002A1039 /* libopencv_highgui.3.2.0.dylib in Frameworks */ = {isa = PBXBuildFile; fileRef = 4120846E1E61B8BE002A1039 /* libopencv_highgui.3.2.0.dylib */; };
		412084781E61B8BE002A1039 /* libopencv_imgproc.3.2.0.dylib in Frameworks */ = {isa = PBXBuildFile; fileRef = 4120846F1E61B8BE002A1039 /* libopencv_imgproc.3.2.0.dylib */; };
		412084791E61B8BE002A1039 /* libopencv_imgproc.3.2.0.dylib in Frameworks */ = {isa = PBXBuildFile; fileRef = 4120846F1E61B8BE002A1039 /* libopencv_imgproc.3.2.0.dylib */; };
		4120847B1E61BB72002A1039 /* libopencv_imgcodecs.3.2.0.dylib in Frameworks */ = {isa = PBXBuildFile; fileRef = 4120847A1E61BB72002A1039 /* libopencv_imgcodecs.3.2.0.dylib */; };
		4120847C1E61BB72002A1039 /* libopencv_imgcodecs.3.2.0.dylib in Frameworks */ = {isa = PBXBuildFile; fileRef = 4120847A1E61BB72002A1039 /* libopencv_imgcodecs.3.2.0.dylib */; };
		4120847F1E61C15E002A1039 /* PoseEstimator.cpp in Sources */ = {isa = PBXBuildFile; fileRef = 4120847D1E61C15E002A1039 /* PoseEstimator.cpp */; };
		412084831E61C393002A1039 /* libopencv_video.3.2.0.dylib in Frameworks */ = {isa = PBXBuildFile; fileRef = 412084811E61C393002A1039 /* libopencv_video.3.2.0.dylib */; };
		412084841E61C393002A1039 /* libopencv_video.3.2.0.dylib in Frameworks */ = {isa = PBXBuildFile; fileRef = 412084811E61C393002A1039 /* libopencv_video.3.2.0.dylib */; };
		412084851E61C393002A1039 /* libopencv_videoio.3.2.0.dylib in Frameworks */ = {isa = PBXBuildFile; fileRef = 412084821E61C393002A1039 /* libopencv_videoio.3.2.0.dylib */; };
		412084861E61C393002A1039 /* libopencv_videoio.3.2.0.dylib in Frameworks */ = {isa = PBXBuildFile; fileRef = 412084821E61C393002A1039 /* libopencv_videoio.3.2.0.dylib */; };
		4120848D1E620A7D002A1039 /* Controller.cpp in Sources */ = {isa = PBXBuildFile; fileRef = 4120848B1E620A7D002A1039 /* Controller.cpp */; };
		412084B21E633BF8002A1039 /* MotionController.cpp in Sources */ = {isa = PBXBuildFile; fileRef = 412084B01E633BF8002A1039 /* MotionController.cpp */; };
		412084C61E635837002A1039 /* libopencv_video.3.2.0.dylib in Frameworks */ = {isa = PBXBuildFile; fileRef = 412084811E61C393002A1039 /* libopencv_video.3.2.0.dylib */; };
		412084C71E635837002A1039 /* libopencv_videoio.3.2.0.dylib in Frameworks */ = {isa = PBXBuildFile; fileRef = 412084821E61C393002A1039 /* libopencv_videoio.3.2.0.dylib */; };
		412084C81E635837002A1039 /* libopencv_imgcodecs.3.2.0.dylib in Frameworks */ = {isa = PBXBuildFile; fileRef = 4120847A1E61BB72002A1039 /* libopencv_imgcodecs.3.2.0.dylib */; };
		412084C91E635837002A1039 /* libopencv_aruco.3.2.0.dylib in Frameworks */ = {isa = PBXBuildFile; fileRef = 4120846B1E61B8BE002A1039 /* libopencv_aruco.3.2.0.dylib */; };
		412084CA1E635837002A1039 /* libopencv_calib3d.3.2.0.dylib in Frameworks */ = {isa = PBXBuildFile; fileRef = 4120846C1E61B8BE002A1039 /* libopencv_calib3d.3.2.0.dylib */; };
		412084CB1E635837002A1039 /* libopencv_core.3.2.0.dylib in Frameworks */ = {isa = PBXBuildFile; fileRef = 4120846D1E61B8BE002A1039 /* libopencv_core.3.2.0.dylib */; };
		412084CC1E635837002A1039 /* libopencv_highgui.3.2.0.dylib in Frameworks */ = {isa = PBXBuildFile; fileRef = 4120846E1E61B8BE002A1039 /* libopencv_highgui.3.2.0.dylib */; };
		412084CD1E635837002A1039 /* libopencv_imgproc.3.2.0.dylib in Frameworks */ = {isa = PBXBuildFile; fileRef = 4120846F1E61B8BE002A1039 /* libopencv_imgproc.3.2.0.dylib */; };
		412084DC1E635C00002A1039 /* libopencv_video.3.2.0.dylib in Frameworks */ = {isa = PBXBuildFile; fileRef = 412084811E61C393002A1039 /* libopencv_video.3.2.0.dylib */; };
		412084DD1E635C00002A1039 /* libopencv_videoio.3.2.0.dylib in Frameworks */ = {isa = PBXBuildFile; fileRef = 412084821E61C393002A1039 /* libopencv_videoio.3.2.0.dylib */; };
		412084DE1E635C00002A1039 /* libopencv_imgcodecs.3.2.0.dylib in Frameworks */ = {isa = PBXBuildFile; fileRef = 4120847A1E61BB72002A1039 /* libopencv_imgcodecs.3.2.0.dylib */; };
		412084DF1E635C00002A1039 /* libopencv_aruco.3.2.0.dylib in Frameworks */ = {isa = PBXBuildFile; fileRef = 4120846B1E61B8BE002A1039 /* libopencv_aruco.3.2.0.dylib */; };
		412084E01E635C00002A1039 /* libopencv_calib3d.3.2.0.dylib in Frameworks */ = {isa = PBXBuildFile; fileRef = 4120846C1E61B8BE002A1039 /* libopencv_calib3d.3.2.0.dylib */; };
		412084E11E635C00002A1039 /* libopencv_core.3.2.0.dylib in Frameworks */ = {isa = PBXBuildFile; fileRef = 4120846D1E61B8BE002A1039 /* libopencv_core.3.2.0.dylib */; };
		412084E21E635C00002A1039 /* libopencv_highgui.3.2.0.dylib in Frameworks */ = {isa = PBXBuildFile; fileRef = 4120846E1E61B8BE002A1039 /* libopencv_highgui.3.2.0.dylib */; };
		412084E31E635C00002A1039 /* libopencv_imgproc.3.2.0.dylib in Frameworks */ = {isa = PBXBuildFile; fileRef = 4120846F1E61B8BE002A1039 /* libopencv_imgproc.3.2.0.dylib */; };
		414F719D1E6A1CD700235D31 /* calibrateCamera.cpp in Sources */ = {isa = PBXBuildFile; fileRef = 414F71961E6A1CD100235D31 /* calibrateCamera.cpp */; };
		414F719E1E6A1CDB00235D31 /* createBoard.cpp in Sources */ = {isa = PBXBuildFile; fileRef = 414F71981E6A1CD100235D31 /* createBoard.cpp */; };
		414F719F1E6A1CDE00235D31 /* generateMarker.cpp in Sources */ = {isa = PBXBuildFile; fileRef = 414F719A1E6A1CD100235D31 /* generateMarker.cpp */; };
		414F71A01E6A1CE100235D31 /* motorTest.cpp in Sources */ = {isa = PBXBuildFile; fileRef = 414F719C1E6A1CD100235D31 /* motorTest.cpp */; };
		41C97EAD1E6A353E0039FB5E /* resetMotors.cpp in Sources */ = {isa = PBXBuildFile; fileRef = 41C97EAB1E6A353E0039FB5E /* resetMotors.cpp */; };
		41C97EE31E6A3F6A0039FB5E /* Utils.cpp in Sources */ = {isa = PBXBuildFile; fileRef = 41C97EDB1E6A3F6A0039FB5E /* Utils.cpp */; };
		41C97EE41E6A3F6A0039FB5E /* Utils.cpp in Sources */ = {isa = PBXBuildFile; fileRef = 41C97EDB1E6A3F6A0039FB5E /* Utils.cpp */; };
		41C97EE51E6A3F6A0039FB5E /* Utils.cpp in Sources */ = {isa = PBXBuildFile; fileRef = 41C97EDB1E6A3F6A0039FB5E /* Utils.cpp */; };
		41C97EE91E6A3FD70039FB5E /* Motor.cpp in Sources */ = {isa = PBXBuildFile; fileRef = 41C97EE71E6A3FD70039FB5E /* Motor.cpp */; };
/* End PBXBuildFile section */

/* Begin PBXCopyFilesBuildPhase section */
		412084441E61B6A2002A1039 /* CopyFiles */ = {
			isa = PBXCopyFilesBuildPhase;
			buildActionMask = 2147483647;
			dstPath = /usr/share/man/man1/;
			dstSubfolderSpec = 0;
			files = (
			);
			runOnlyForDeploymentPostprocessing = 1;
		};
		412084551E61B70C002A1039 /* CopyFiles */ = {
			isa = PBXCopyFilesBuildPhase;
			buildActionMask = 2147483647;
			dstPath = /usr/share/man/man1/;
			dstSubfolderSpec = 0;
			files = (
			);
			runOnlyForDeploymentPostprocessing = 1;
		};
		412084BC1E635612002A1039 /* CopyFiles */ = {
			isa = PBXCopyFilesBuildPhase;
			buildActionMask = 2147483647;
			dstPath = /usr/share/man/man1/;
			dstSubfolderSpec = 0;
			files = (
			);
			runOnlyForDeploymentPostprocessing = 1;
		};
		412084D31E635BF1002A1039 /* CopyFiles */ = {
			isa = PBXCopyFilesBuildPhase;
			buildActionMask = 2147483647;
			dstPath = /usr/share/man/man1/;
			dstSubfolderSpec = 0;
			files = (
			);
			runOnlyForDeploymentPostprocessing = 1;
		};
		41C404761E6673900083F841 /* CopyFiles */ = {
			isa = PBXCopyFilesBuildPhase;
			buildActionMask = 2147483647;
			dstPath = /usr/share/man/man1/;
			dstSubfolderSpec = 0;
			files = (
			);
			runOnlyForDeploymentPostprocessing = 1;
		};
		41C97EA11E6A35060039FB5E /* CopyFiles */ = {
			isa = PBXCopyFilesBuildPhase;
			buildActionMask = 2147483647;
			dstPath = /usr/share/man/man1/;
			dstSubfolderSpec = 0;
			files = (
			);
			runOnlyForDeploymentPostprocessing = 1;
		};
/* End PBXCopyFilesBuildPhase section */

/* Begin PBXFileReference section */
		412084461E61B6A2002A1039 /* RobotHu */ = {isa = PBXFileReference; explicitFileType = "compiled.mach-o.executable"; includeInIndex = 0; path = RobotHu; sourceTree = BUILT_PRODUCTS_DIR; };
		412084491E61B6A2002A1039 /* main.cpp */ = {isa = PBXFileReference; lastKnownFileType = sourcecode.cpp.cpp; path = main.cpp; sourceTree = "<group>"; };
		412084571E61B70C002A1039 /* generateMarker */ = {isa = PBXFileReference; explicitFileType = "compiled.mach-o.executable"; includeInIndex = 0; path = generateMarker; sourceTree = BUILT_PRODUCTS_DIR; };
		4120846B1E61B8BE002A1039 /* libopencv_aruco.3.2.0.dylib */ = {isa = PBXFileReference; lastKnownFileType = "compiled.mach-o.dylib"; path = libopencv_aruco.3.2.0.dylib; sourceTree = "<group>"; };
		4120846C1E61B8BE002A1039 /* libopencv_calib3d.3.2.0.dylib */ = {isa = PBXFileReference; lastKnownFileType = "compiled.mach-o.dylib"; path = libopencv_calib3d.3.2.0.dylib; sourceTree = "<group>"; };
		4120846D1E61B8BE002A1039 /* libopencv_core.3.2.0.dylib */ = {isa = PBXFileReference; lastKnownFileType = "compiled.mach-o.dylib"; path = libopencv_core.3.2.0.dylib; sourceTree = "<group>"; };
		4120846E1E61B8BE002A1039 /* libopencv_highgui.3.2.0.dylib */ = {isa = PBXFileReference; lastKnownFileType = "compiled.mach-o.dylib"; path = libopencv_highgui.3.2.0.dylib; sourceTree = "<group>"; };
		4120846F1E61B8BE002A1039 /* libopencv_imgproc.3.2.0.dylib */ = {isa = PBXFileReference; lastKnownFileType = "compiled.mach-o.dylib"; path = libopencv_imgproc.3.2.0.dylib; sourceTree = "<group>"; };
		4120847A1E61BB72002A1039 /* libopencv_imgcodecs.3.2.0.dylib */ = {isa = PBXFileReference; lastKnownFileType = "compiled.mach-o.dylib"; path = libopencv_imgcodecs.3.2.0.dylib; sourceTree = "<group>"; };
		4120847D1E61C15E002A1039 /* PoseEstimator.cpp */ = {isa = PBXFileReference; fileEncoding = 4; lastKnownFileType = sourcecode.cpp.cpp; path = PoseEstimator.cpp; sourceTree = "<group>"; };
		4120847E1E61C15E002A1039 /* PoseEstimator.hpp */ = {isa = PBXFileReference; fileEncoding = 4; lastKnownFileType = sourcecode.cpp.h; path = PoseEstimator.hpp; sourceTree = "<group>"; };
		412084811E61C393002A1039 /* libopencv_video.3.2.0.dylib */ = {isa = PBXFileReference; lastKnownFileType = "compiled.mach-o.dylib"; path = libopencv_video.3.2.0.dylib; sourceTree = "<group>"; };
		412084821E61C393002A1039 /* libopencv_videoio.3.2.0.dylib */ = {isa = PBXFileReference; lastKnownFileType = "compiled.mach-o.dylib"; path = libopencv_videoio.3.2.0.dylib; sourceTree = "<group>"; };
		4120848B1E620A7D002A1039 /* Controller.cpp */ = {isa = PBXFileReference; fileEncoding = 4; lastKnownFileType = sourcecode.cpp.cpp; path = Controller.cpp; sourceTree = "<group>"; };
		4120848C1E620A7D002A1039 /* Controller.hpp */ = {isa = PBXFileReference; fileEncoding = 4; lastKnownFileType = sourcecode.cpp.h; path = Controller.hpp; sourceTree = "<group>"; };
		412084B01E633BF8002A1039 /* MotionController.cpp */ = {isa = PBXFileReference; fileEncoding = 4; lastKnownFileType = sourcecode.cpp.cpp; path = MotionController.cpp; sourceTree = "<group>"; };
		412084B11E633BF8002A1039 /* MotionController.hpp */ = {isa = PBXFileReference; fileEncoding = 4; lastKnownFileType = sourcecode.cpp.h; path = MotionController.hpp; sourceTree = "<group>"; };
		412084BE1E635612002A1039 /* calibrateCamera */ = {isa = PBXFileReference; explicitFileType = "compiled.mach-o.executable"; includeInIndex = 0; path = calibrateCamera; sourceTree = BUILT_PRODUCTS_DIR; };
		412084D51E635BF1002A1039 /* createBoard */ = {isa = PBXFileReference; explicitFileType = "compiled.mach-o.executable"; includeInIndex = 0; path = createBoard; sourceTree = BUILT_PRODUCTS_DIR; };
		412084E61E635E5B002A1039 /* board8.jpg */ = {isa = PBXFileReference; lastKnownFileType = image.jpeg; path = board8.jpg; sourceTree = "<group>"; };
		412084E71E635E76002A1039 /* marker8-10.jpg */ = {isa = PBXFileReference; lastKnownFileType = image.jpeg; path = "marker8-10.jpg"; sourceTree = "<group>"; };
		412084E81E6362D8002A1039 /* mac_charuco_calib.yml */ = {isa = PBXFileReference; lastKnownFileType = text; path = mac_charuco_calib.yml; sourceTree = "<group>"; };
		412084E91E6370AF002A1039 /* README.md */ = {isa = PBXFileReference; lastKnownFileType = net.daringfireball.markdown; path = README.md; sourceTree = "<group>"; };
		4120BC621E68CB3F004CA2E7 /* motor_connection_scheme.png */ = {isa = PBXFileReference; lastKnownFileType = image.png; path = motor_connection_scheme.png; sourceTree = "<group>"; };
		414F71891E6A15C100235D31 /* rpi3_pins.png */ = {isa = PBXFileReference; lastKnownFileType = image.png; path = rpi3_pins.png; sourceTree = "<group>"; };
		414F718A1E6A15E100235D31 /* bcm2835.h */ = {isa = PBXFileReference; fileEncoding = 4; lastKnownFileType = sourcecode.c.h; path = bcm2835.h; sourceTree = "<group>"; };
		414F71961E6A1CD100235D31 /* calibrateCamera.cpp */ = {isa = PBXFileReference; lastKnownFileType = sourcecode.cpp.cpp; path = calibrateCamera.cpp; sourceTree = "<group>"; };
		414F71981E6A1CD100235D31 /* createBoard.cpp */ = {isa = PBXFileReference; lastKnownFileType = sourcecode.cpp.cpp; path = createBoard.cpp; sourceTree = "<group>"; };
		414F719A1E6A1CD100235D31 /* generateMarker.cpp */ = {isa = PBXFileReference; lastKnownFileType = sourcecode.cpp.cpp; path = generateMarker.cpp; sourceTree = "<group>"; };
		414F719C1E6A1CD100235D31 /* motorTest.cpp */ = {isa = PBXFileReference; lastKnownFileType = sourcecode.cpp.cpp; path = motorTest.cpp; sourceTree = "<group>"; };
		41C404781E6673900083F841 /* motorTest */ = {isa = PBXFileReference; explicitFileType = "compiled.mach-o.executable"; includeInIndex = 0; path = motorTest; sourceTree = BUILT_PRODUCTS_DIR; };
		41C97EA31E6A35060039FB5E /* resetMotors */ = {isa = PBXFileReference; explicitFileType = "compiled.mach-o.executable"; includeInIndex = 0; path = resetMotors; sourceTree = BUILT_PRODUCTS_DIR; };
		41C97EAB1E6A353E0039FB5E /* resetMotors.cpp */ = {isa = PBXFileReference; fileEncoding = 4; lastKnownFileType = sourcecode.cpp.cpp; path = resetMotors.cpp; sourceTree = "<group>"; };
		41C97ED81E6A3F6A0039FB5E /* InputParser.hpp */ = {isa = PBXFileReference; fileEncoding = 4; lastKnownFileType = sourcecode.cpp.h; path = InputParser.hpp; sourceTree = "<group>"; };
		41C97EDB1E6A3F6A0039FB5E /* Utils.cpp */ = {isa = PBXFileReference; fileEncoding = 4; lastKnownFileType = sourcecode.cpp.cpp; path = Utils.cpp; sourceTree = "<group>"; };
		41C97EDC1E6A3F6A0039FB5E /* Utils.hpp */ = {isa = PBXFileReference; fileEncoding = 4; lastKnownFileType = sourcecode.cpp.h; path = Utils.hpp; sourceTree = "<group>"; };
		41C97EE71E6A3FD70039FB5E /* Motor.cpp */ = {isa = PBXFileReference; fileEncoding = 4; lastKnownFileType = sourcecode.cpp.cpp; path = Motor.cpp; sourceTree = "<group>"; };
		41C97EE81E6A3FD70039FB5E /* Motor.hpp */ = {isa = PBXFileReference; fileEncoding = 4; lastKnownFileType = sourcecode.cpp.h; path = Motor.hpp; sourceTree = "<group>"; };
		41C97EEB1E6AF8BF0039FB5E /* .gitkeep */ = {isa = PBXFileReference; fileEncoding = 4; lastKnownFileType = text; path = .gitkeep; sourceTree = "<group>"; };
/* End PBXFileReference section */

/* Begin PBXFrameworksBuildPhase section */
		412084431E61B6A2002A1039 /* Frameworks */ = {
			isa = PBXFrameworksBuildPhase;
			buildActionMask = 2147483647;
			files = (
				412084831E61C393002A1039 /* libopencv_video.3.2.0.dylib in Frameworks */,
				412084761E61B8BE002A1039 /* libopencv_highgui.3.2.0.dylib in Frameworks */,
				4120847B1E61BB72002A1039 /* libopencv_imgcodecs.3.2.0.dylib in Frameworks */,
				412084781E61B8BE002A1039 /* libopencv_imgproc.3.2.0.dylib in Frameworks */,
				412084741E61B8BE002A1039 /* libopencv_core.3.2.0.dylib in Frameworks */,
				412084701E61B8BE002A1039 /* libopencv_aruco.3.2.0.dylib in Frameworks */,
				412084851E61C393002A1039 /* libopencv_videoio.3.2.0.dylib in Frameworks */,
				412084721E61B8BE002A1039 /* libopencv_calib3d.3.2.0.dylib in Frameworks */,
			);
			runOnlyForDeploymentPostprocessing = 0;
		};
		412084541E61B70C002A1039 /* Frameworks */ = {
			isa = PBXFrameworksBuildPhase;
			buildActionMask = 2147483647;
			files = (
				412084841E61C393002A1039 /* libopencv_video.3.2.0.dylib in Frameworks */,
				412084771E61B8BE002A1039 /* libopencv_highgui.3.2.0.dylib in Frameworks */,
				4120847C1E61BB72002A1039 /* libopencv_imgcodecs.3.2.0.dylib in Frameworks */,
				412084791E61B8BE002A1039 /* libopencv_imgproc.3.2.0.dylib in Frameworks */,
				412084751E61B8BE002A1039 /* libopencv_core.3.2.0.dylib in Frameworks */,
				412084711E61B8BE002A1039 /* libopencv_aruco.3.2.0.dylib in Frameworks */,
				412084861E61C393002A1039 /* libopencv_videoio.3.2.0.dylib in Frameworks */,
				412084731E61B8BE002A1039 /* libopencv_calib3d.3.2.0.dylib in Frameworks */,
			);
			runOnlyForDeploymentPostprocessing = 0;
		};
		412084BB1E635612002A1039 /* Frameworks */ = {
			isa = PBXFrameworksBuildPhase;
			buildActionMask = 2147483647;
			files = (
				412084CD1E635837002A1039 /* libopencv_imgproc.3.2.0.dylib in Frameworks */,
				412084C71E635837002A1039 /* libopencv_videoio.3.2.0.dylib in Frameworks */,
				412084CA1E635837002A1039 /* libopencv_calib3d.3.2.0.dylib in Frameworks */,
				412084CC1E635837002A1039 /* libopencv_highgui.3.2.0.dylib in Frameworks */,
				412084C81E635837002A1039 /* libopencv_imgcodecs.3.2.0.dylib in Frameworks */,
				412084CB1E635837002A1039 /* libopencv_core.3.2.0.dylib in Frameworks */,
				412084C61E635837002A1039 /* libopencv_video.3.2.0.dylib in Frameworks */,
				412084C91E635837002A1039 /* libopencv_aruco.3.2.0.dylib in Frameworks */,
			);
			runOnlyForDeploymentPostprocessing = 0;
		};
		412084D21E635BF1002A1039 /* Frameworks */ = {
			isa = PBXFrameworksBuildPhase;
			buildActionMask = 2147483647;
			files = (
				412084E31E635C00002A1039 /* libopencv_imgproc.3.2.0.dylib in Frameworks */,
				412084DD1E635C00002A1039 /* libopencv_videoio.3.2.0.dylib in Frameworks */,
				412084E01E635C00002A1039 /* libopencv_calib3d.3.2.0.dylib in Frameworks */,
				412084E21E635C00002A1039 /* libopencv_highgui.3.2.0.dylib in Frameworks */,
				412084DE1E635C00002A1039 /* libopencv_imgcodecs.3.2.0.dylib in Frameworks */,
				412084E11E635C00002A1039 /* libopencv_core.3.2.0.dylib in Frameworks */,
				412084DC1E635C00002A1039 /* libopencv_video.3.2.0.dylib in Frameworks */,
				412084DF1E635C00002A1039 /* libopencv_aruco.3.2.0.dylib in Frameworks */,
			);
			runOnlyForDeploymentPostprocessing = 0;
		};
		41C404751E6673900083F841 /* Frameworks */ = {
			isa = PBXFrameworksBuildPhase;
			buildActionMask = 2147483647;
			files = (
			);
			runOnlyForDeploymentPostprocessing = 0;
		};
		41C97EA01E6A35060039FB5E /* Frameworks */ = {
			isa = PBXFrameworksBuildPhase;
			buildActionMask = 2147483647;
			files = (
			);
			runOnlyForDeploymentPostprocessing = 0;
		};
/* End PBXFrameworksBuildPhase section */

/* Begin PBXGroup section */
		4120843D1E61B6A2002A1039 = {
			isa = PBXGroup;
			children = (
				412084E91E6370AF002A1039 /* README.md */,
				4120846A1E61B8BE002A1039 /* OpenCV */,
				412084481E61B6A2002A1039 /* RobotHu */,
				41C97ED61E6A3F6A0039FB5E /* Utils */,
				414F71941E6A1CD100235D31 /* Tools */,
				412084B61E635282002A1039 /* tmp */,
				41C97EEA1E6AF84B0039FB5E /* Builds */,
				412084471E61B6A2002A1039 /* Products */,
			);
			sourceTree = "<group>";
		};
		412084471E61B6A2002A1039 /* Products */ = {
			isa = PBXGroup;
			children = (
				412084461E61B6A2002A1039 /* RobotHu */,
				412084571E61B70C002A1039 /* generateMarker */,
				412084BE1E635612002A1039 /* calibrateCamera */,
				412084D51E635BF1002A1039 /* createBoard */,
				41C404781E6673900083F841 /* motorTest */,
				41C97EA31E6A35060039FB5E /* resetMotors */,
			);
			name = Products;
			sourceTree = "<group>";
		};
		412084481E61B6A2002A1039 /* RobotHu */ = {
			isa = PBXGroup;
			children = (
				412084491E61B6A2002A1039 /* main.cpp */,
				4120848C1E620A7D002A1039 /* Controller.hpp */,
				4120848B1E620A7D002A1039 /* Controller.cpp */,
				4120847E1E61C15E002A1039 /* PoseEstimator.hpp */,
				4120847D1E61C15E002A1039 /* PoseEstimator.cpp */,
				412084B11E633BF8002A1039 /* MotionController.hpp */,
				412084B01E633BF8002A1039 /* MotionController.cpp */,
				41C97EE61E6A3FD70039FB5E /* Utils */,
			);
			path = RobotHu;
			sourceTree = "<group>";
		};
		4120846A1E61B8BE002A1039 /* OpenCV */ = {
			isa = PBXGroup;
			children = (
				412084811E61C393002A1039 /* libopencv_video.3.2.0.dylib */,
				412084821E61C393002A1039 /* libopencv_videoio.3.2.0.dylib */,
				4120847A1E61BB72002A1039 /* libopencv_imgcodecs.3.2.0.dylib */,
				4120846B1E61B8BE002A1039 /* libopencv_aruco.3.2.0.dylib */,
				4120846C1E61B8BE002A1039 /* libopencv_calib3d.3.2.0.dylib */,
				4120846D1E61B8BE002A1039 /* libopencv_core.3.2.0.dylib */,
				4120846E1E61B8BE002A1039 /* libopencv_highgui.3.2.0.dylib */,
				4120846F1E61B8BE002A1039 /* libopencv_imgproc.3.2.0.dylib */,
			);
			path = OpenCV;
			sourceTree = "<group>";
		};
		412084B61E635282002A1039 /* tmp */ = {
			isa = PBXGroup;
			children = (
				414F718A1E6A15E100235D31 /* bcm2835.h */,
				4120BC621E68CB3F004CA2E7 /* motor_connection_scheme.png */,
				412084E81E6362D8002A1039 /* mac_charuco_calib.yml */,
				412084E71E635E76002A1039 /* marker8-10.jpg */,
				412084E61E635E5B002A1039 /* board8.jpg */,
				414F71891E6A15C100235D31 /* rpi3_pins.png */,
			);
			path = tmp;
			sourceTree = "<group>";
		};
		414F71941E6A1CD100235D31 /* Tools */ = {
			isa = PBXGroup;
			children = (
				414F71951E6A1CD100235D31 /* calibrateCamera */,
				414F71971E6A1CD100235D31 /* createBoard */,
				414F71991E6A1CD100235D31 /* generateMarker */,
				414F719B1E6A1CD100235D31 /* motorTest */,
				41C97EAA1E6A352E0039FB5E /* resetMotors */,
			);
			path = Tools;
			sourceTree = "<group>";
		};
		414F71951E6A1CD100235D31 /* calibrateCamera */ = {
			isa = PBXGroup;
			children = (
				414F71961E6A1CD100235D31 /* calibrateCamera.cpp */,
			);
			path = calibrateCamera;
			sourceTree = "<group>";
		};
		414F71971E6A1CD100235D31 /* createBoard */ = {
			isa = PBXGroup;
			children = (
				414F71981E6A1CD100235D31 /* createBoard.cpp */,
			);
			path = createBoard;
			sourceTree = "<group>";
		};
		414F71991E6A1CD100235D31 /* generateMarker */ = {
			isa = PBXGroup;
			children = (
				414F719A1E6A1CD100235D31 /* generateMarker.cpp */,
			);
			path = generateMarker;
			sourceTree = "<group>";
		};
		414F719B1E6A1CD100235D31 /* motorTest */ = {
			isa = PBXGroup;
			children = (
				414F719C1E6A1CD100235D31 /* motorTest.cpp */,
			);
			path = motorTest;
			sourceTree = "<group>";
		};
		41C97EAA1E6A352E0039FB5E /* resetMotors */ = {
			isa = PBXGroup;
			children = (
				41C97EAB1E6A353E0039FB5E /* resetMotors.cpp */,
			);
			path = resetMotors;
			sourceTree = "<group>";
		};
		41C97ED61E6A3F6A0039FB5E /* Utils */ = {
			isa = PBXGroup;
			children = (
				41C97ED81E6A3F6A0039FB5E /* InputParser.hpp */,
				41C97EDB1E6A3F6A0039FB5E /* Utils.cpp */,
				41C97EDC1E6A3F6A0039FB5E /* Utils.hpp */,
			);
			path = Utils;
			sourceTree = "<group>";
		};
		41C97EE61E6A3FD70039FB5E /* Utils */ = {
			isa = PBXGroup;
			children = (
				41C97EE81E6A3FD70039FB5E /* Motor.hpp */,
				41C97EE71E6A3FD70039FB5E /* Motor.cpp */,
			);
			path = Utils;
			sourceTree = "<group>";
		};
		41C97EEA1E6AF84B0039FB5E /* Builds */ = {
			isa = PBXGroup;
			children = (
				41C97EEB1E6AF8BF0039FB5E /* .gitkeep */,
			);
			path = Builds;
			sourceTree = "<group>";
		};
/* End PBXGroup section */

/* Begin PBXNativeTarget section */
		412084451E61B6A2002A1039 /* RobotHu */ = {
			isa = PBXNativeTarget;
			buildConfigurationList = 4120844D1E61B6A2002A1039 /* Build configuration list for PBXNativeTarget "RobotHu" */;
			buildPhases = (
				412084421E61B6A2002A1039 /* Sources */,
				412084431E61B6A2002A1039 /* Frameworks */,
				412084441E61B6A2002A1039 /* CopyFiles */,
			);
			buildRules = (
			);
			dependencies = (
			);
			name = RobotHu;
			productName = RobotHu;
			productReference = 412084461E61B6A2002A1039 /* RobotHu */;
			productType = "com.apple.product-type.tool";
		};
		412084561E61B70C002A1039 /* generateMarker */ = {
			isa = PBXNativeTarget;
			buildConfigurationList = 4120845B1E61B70C002A1039 /* Build configuration list for PBXNativeTarget "generateMarker" */;
			buildPhases = (
				412084531E61B70C002A1039 /* Sources */,
				412084541E61B70C002A1039 /* Frameworks */,
				412084551E61B70C002A1039 /* CopyFiles */,
			);
			buildRules = (
			);
			dependencies = (
			);
			name = generateMarker;
			productName = generateMarker;
			productReference = 412084571E61B70C002A1039 /* generateMarker */;
			productType = "com.apple.product-type.tool";
		};
		412084BD1E635612002A1039 /* calibrateCamera */ = {
			isa = PBXNativeTarget;
			buildConfigurationList = 412084C21E635612002A1039 /* Build configuration list for PBXNativeTarget "calibrateCamera" */;
			buildPhases = (
				412084BA1E635612002A1039 /* Sources */,
				412084BB1E635612002A1039 /* Frameworks */,
				412084BC1E635612002A1039 /* CopyFiles */,
			);
			buildRules = (
			);
			dependencies = (
			);
			name = calibrateCamera;
			productName = calibrateCamera;
			productReference = 412084BE1E635612002A1039 /* calibrateCamera */;
			productType = "com.apple.product-type.tool";
		};
		412084D41E635BF1002A1039 /* createBoard */ = {
			isa = PBXNativeTarget;
			buildConfigurationList = 412084D91E635BF1002A1039 /* Build configuration list for PBXNativeTarget "createBoard" */;
			buildPhases = (
				412084D11E635BF1002A1039 /* Sources */,
				412084D21E635BF1002A1039 /* Frameworks */,
				412084D31E635BF1002A1039 /* CopyFiles */,
			);
			buildRules = (
			);
			dependencies = (
			);
			name = createBoard;
			productName = createBoard;
			productReference = 412084D51E635BF1002A1039 /* createBoard */;
			productType = "com.apple.product-type.tool";
		};
		41C404771E6673900083F841 /* motorTest */ = {
			isa = PBXNativeTarget;
			buildConfigurationList = 41C4047E1E6673900083F841 /* Build configuration list for PBXNativeTarget "motorTest" */;
			buildPhases = (
				41C404741E6673900083F841 /* Sources */,
				41C404751E6673900083F841 /* Frameworks */,
				41C404761E6673900083F841 /* CopyFiles */,
			);
			buildRules = (
			);
			dependencies = (
			);
			name = motorTest;
			productName = motorTest;
			productReference = 41C404781E6673900083F841 /* motorTest */;
			productType = "com.apple.product-type.tool";
		};
		41C97EA21E6A35060039FB5E /* resetMotors */ = {
			isa = PBXNativeTarget;
			buildConfigurationList = 41C97EA91E6A35060039FB5E /* Build configuration list for PBXNativeTarget "resetMotors" */;
			buildPhases = (
				41C97E9F1E6A35060039FB5E /* Sources */,
				41C97EA01E6A35060039FB5E /* Frameworks */,
				41C97EA11E6A35060039FB5E /* CopyFiles */,
			);
			buildRules = (
			);
			dependencies = (
			);
			name = resetMotors;
			productName = resetMotors;
			productReference = 41C97EA31E6A35060039FB5E /* resetMotors */;
			productType = "com.apple.product-type.tool";
		};
/* End PBXNativeTarget section */

/* Begin PBXProject section */
		4120843E1E61B6A2002A1039 /* Project object */ = {
			isa = PBXProject;
			attributes = {
				LastUpgradeCheck = 0820;
				ORGANIZATIONNAME = AKTech;
				TargetAttributes = {
					412084451E61B6A2002A1039 = {
						CreatedOnToolsVersion = 8.2.1;
						DevelopmentTeam = XPL37BB5X6;
						ProvisioningStyle = Automatic;
					};
					412084561E61B70C002A1039 = {
						CreatedOnToolsVersion = 8.2.1;
						DevelopmentTeam = XPL37BB5X6;
						ProvisioningStyle = Automatic;
					};
					412084BD1E635612002A1039 = {
						CreatedOnToolsVersion = 8.2.1;
						DevelopmentTeam = XPL37BB5X6;
						ProvisioningStyle = Automatic;
					};
					412084D41E635BF1002A1039 = {
						CreatedOnToolsVersion = 8.2.1;
						DevelopmentTeam = XPL37BB5X6;
						ProvisioningStyle = Automatic;
					};
					41C404771E6673900083F841 = {
						CreatedOnToolsVersion = 8.2.1;
						DevelopmentTeam = XPL37BB5X6;
						ProvisioningStyle = Automatic;
					};
					41C97EA21E6A35060039FB5E = {
						CreatedOnToolsVersion = 8.2.1;
						DevelopmentTeam = XPL37BB5X6;
						ProvisioningStyle = Automatic;
					};
				};
			};
			buildConfigurationList = 412084411E61B6A2002A1039 /* Build configuration list for PBXProject "RobotHu" */;
			compatibilityVersion = "Xcode 3.2";
			developmentRegion = English;
			hasScannedForEncodings = 0;
			knownRegions = (
				en,
			);
			mainGroup = 4120843D1E61B6A2002A1039;
			productRefGroup = 412084471E61B6A2002A1039 /* Products */;
			projectDirPath = "";
			projectRoot = "";
			targets = (
				412084451E61B6A2002A1039 /* RobotHu */,
				412084561E61B70C002A1039 /* generateMarker */,
				412084BD1E635612002A1039 /* calibrateCamera */,
				412084D41E635BF1002A1039 /* createBoard */,
				41C404771E6673900083F841 /* motorTest */,
				41C97EA21E6A35060039FB5E /* resetMotors */,
			);
		};
/* End PBXProject section */

/* Begin PBXSourcesBuildPhase section */
		412084421E61B6A2002A1039 /* Sources */ = {
			isa = PBXSourcesBuildPhase;
			buildActionMask = 2147483647;
			files = (
				4120844A1E61B6A2002A1039 /* main.cpp in Sources */,
				4120848D1E620A7D002A1039 /* Controller.cpp in Sources */,
				41C97EE31E6A3F6A0039FB5E /* Utils.cpp in Sources */,
				4120847F1E61C15E002A1039 /* PoseEstimator.cpp in Sources */,
				412084B21E633BF8002A1039 /* MotionController.cpp in Sources */,
				41C97EE91E6A3FD70039FB5E /* Motor.cpp in Sources */,
			);
			runOnlyForDeploymentPostprocessing = 0;
		};
		412084531E61B70C002A1039 /* Sources */ = {
			isa = PBXSourcesBuildPhase;
			buildActionMask = 2147483647;
			files = (
				414F719F1E6A1CDE00235D31 /* generateMarker.cpp in Sources */,
			);
			runOnlyForDeploymentPostprocessing = 0;
		};
		412084BA1E635612002A1039 /* Sources */ = {
			isa = PBXSourcesBuildPhase;
			buildActionMask = 2147483647;
			files = (
				414F719D1E6A1CD700235D31 /* calibrateCamera.cpp in Sources */,
			);
			runOnlyForDeploymentPostprocessing = 0;
		};
		412084D11E635BF1002A1039 /* Sources */ = {
			isa = PBXSourcesBuildPhase;
			buildActionMask = 2147483647;
			files = (
				414F719E1E6A1CDB00235D31 /* createBoard.cpp in Sources */,
			);
			runOnlyForDeploymentPostprocessing = 0;
		};
		41C404741E6673900083F841 /* Sources */ = {
			isa = PBXSourcesBuildPhase;
			buildActionMask = 2147483647;
			files = (
				414F71A01E6A1CE100235D31 /* motorTest.cpp in Sources */,
				41C97EE41E6A3F6A0039FB5E /* Utils.cpp in Sources */,
			);
			runOnlyForDeploymentPostprocessing = 0;
		};
		41C97E9F1E6A35060039FB5E /* Sources */ = {
			isa = PBXSourcesBuildPhase;
			buildActionMask = 2147483647;
			files = (
				41C97EAD1E6A353E0039FB5E /* resetMotors.cpp in Sources */,
				41C97EE51E6A3F6A0039FB5E /* Utils.cpp in Sources */,
			);
			runOnlyForDeploymentPostprocessing = 0;
		};
/* End PBXSourcesBuildPhase section */

/* Begin XCBuildConfiguration section */
		4120844B1E61B6A2002A1039 /* Debug */ = {
			isa = XCBuildConfiguration;
			buildSettings = {
				ALWAYS_SEARCH_USER_PATHS = NO;
				CLANG_ANALYZER_NONNULL = YES;
				CLANG_CXX_LANGUAGE_STANDARD = "gnu++0x";
				CLANG_CXX_LIBRARY = "libc++";
				CLANG_ENABLE_MODULES = YES;
				CLANG_ENABLE_OBJC_ARC = YES;
				CLANG_WARN_BOOL_CONVERSION = YES;
				CLANG_WARN_CONSTANT_CONVERSION = YES;
				CLANG_WARN_DIRECT_OBJC_ISA_USAGE = YES_ERROR;
				CLANG_WARN_DOCUMENTATION_COMMENTS = YES;
				CLANG_WARN_EMPTY_BODY = YES;
				CLANG_WARN_ENUM_CONVERSION = YES;
				CLANG_WARN_INFINITE_RECURSION = YES;
				CLANG_WARN_INT_CONVERSION = YES;
				CLANG_WARN_OBJC_ROOT_CLASS = YES_ERROR;
				CLANG_WARN_SUSPICIOUS_MOVE = YES;
				CLANG_WARN_UNREACHABLE_CODE = YES;
				CLANG_WARN__DUPLICATE_METHOD_MATCH = YES;
				CODE_SIGN_IDENTITY = "-";
				COPY_PHASE_STRIP = NO;
				DEBUG_INFORMATION_FORMAT = dwarf;
				ENABLE_STRICT_OBJC_MSGSEND = YES;
				ENABLE_TESTABILITY = YES;
				GCC_C_LANGUAGE_STANDARD = gnu99;
				GCC_DYNAMIC_NO_PIC = NO;
				GCC_NO_COMMON_BLOCKS = YES;
				GCC_OPTIMIZATION_LEVEL = 0;
				GCC_PREPROCESSOR_DEFINITIONS = (
					"DEBUG=1",
					"$(inherited)",
				);
				GCC_WARN_64_TO_32_BIT_CONVERSION = YES;
				GCC_WARN_ABOUT_RETURN_TYPE = YES_ERROR;
				GCC_WARN_UNDECLARED_SELECTOR = YES;
				GCC_WARN_UNINITIALIZED_AUTOS = YES_AGGRESSIVE;
				GCC_WARN_UNUSED_FUNCTION = YES;
				GCC_WARN_UNUSED_VARIABLE = YES;
				MACOSX_DEPLOYMENT_TARGET = 10.12;
				MTL_ENABLE_DEBUG_INFO = YES;
				ONLY_ACTIVE_ARCH = YES;
				SDKROOT = macosx;
			};
			name = Debug;
		};
		4120844C1E61B6A2002A1039 /* Release */ = {
			isa = XCBuildConfiguration;
			buildSettings = {
				ALWAYS_SEARCH_USER_PATHS = NO;
				CLANG_ANALYZER_NONNULL = YES;
				CLANG_CXX_LANGUAGE_STANDARD = "gnu++0x";
				CLANG_CXX_LIBRARY = "libc++";
				CLANG_ENABLE_MODULES = YES;
				CLANG_ENABLE_OBJC_ARC = YES;
				CLANG_WARN_BOOL_CONVERSION = YES;
				CLANG_WARN_CONSTANT_CONVERSION = YES;
				CLANG_WARN_DIRECT_OBJC_ISA_USAGE = YES_ERROR;
				CLANG_WARN_DOCUMENTATION_COMMENTS = YES;
				CLANG_WARN_EMPTY_BODY = YES;
				CLANG_WARN_ENUM_CONVERSION = YES;
				CLANG_WARN_INFINITE_RECURSION = YES;
				CLANG_WARN_INT_CONVERSION = YES;
				CLANG_WARN_OBJC_ROOT_CLASS = YES_ERROR;
				CLANG_WARN_SUSPICIOUS_MOVE = YES;
				CLANG_WARN_UNREACHABLE_CODE = YES;
				CLANG_WARN__DUPLICATE_METHOD_MATCH = YES;
				CODE_SIGN_IDENTITY = "-";
				COPY_PHASE_STRIP = NO;
				DEBUG_INFORMATION_FORMAT = "dwarf-with-dsym";
				ENABLE_NS_ASSERTIONS = NO;
				ENABLE_STRICT_OBJC_MSGSEND = YES;
				GCC_C_LANGUAGE_STANDARD = gnu99;
				GCC_NO_COMMON_BLOCKS = YES;
				GCC_WARN_64_TO_32_BIT_CONVERSION = YES;
				GCC_WARN_ABOUT_RETURN_TYPE = YES_ERROR;
				GCC_WARN_UNDECLARED_SELECTOR = YES;
				GCC_WARN_UNINITIALIZED_AUTOS = YES_AGGRESSIVE;
				GCC_WARN_UNUSED_FUNCTION = YES;
				GCC_WARN_UNUSED_VARIABLE = YES;
				MACOSX_DEPLOYMENT_TARGET = 10.12;
				MTL_ENABLE_DEBUG_INFO = NO;
				SDKROOT = macosx;
			};
			name = Release;
		};
		4120844E1E61B6A2002A1039 /* Debug */ = {
			isa = XCBuildConfiguration;
			buildSettings = {
				DEVELOPMENT_TEAM = XPL37BB5X6;
				HEADER_SEARCH_PATHS = /usr/local/Cellar/opencv3/3.2.0/include;
				LIBRARY_SEARCH_PATHS = (
					"$(inherited)",
					"$(PROJECT_DIR)",
					"$(PROJECT_DIR)/OpenCV",
				);
				PRODUCT_NAME = "$(TARGET_NAME)";
			};
			name = Debug;
		};
		4120844F1E61B6A2002A1039 /* Release */ = {
			isa = XCBuildConfiguration;
			buildSettings = {
				DEVELOPMENT_TEAM = XPL37BB5X6;
				HEADER_SEARCH_PATHS = /usr/local/Cellar/opencv3/3.2.0/include;
				LIBRARY_SEARCH_PATHS = (
					"$(inherited)",
					"$(PROJECT_DIR)",
					"$(PROJECT_DIR)/OpenCV",
				);
				PRODUCT_NAME = "$(TARGET_NAME)";
			};
			name = Release;
		};
		4120845C1E61B70C002A1039 /* Debug */ = {
			isa = XCBuildConfiguration;
			buildSettings = {
				DEVELOPMENT_TEAM = XPL37BB5X6;
				HEADER_SEARCH_PATHS = /usr/local/Cellar/opencv3/3.2.0/include;
				LIBRARY_SEARCH_PATHS = (
					"$(inherited)",
					"$(PROJECT_DIR)/OpenCV",
				);
				PRODUCT_NAME = "$(TARGET_NAME)";
			};
			name = Debug;
		};
		4120845D1E61B70C002A1039 /* Release */ = {
			isa = XCBuildConfiguration;
			buildSettings = {
				DEVELOPMENT_TEAM = XPL37BB5X6;
				HEADER_SEARCH_PATHS = /usr/local/Cellar/opencv3/3.2.0/include;
				LIBRARY_SEARCH_PATHS = (
					"$(inherited)",
					"$(PROJECT_DIR)/OpenCV",
				);
				PRODUCT_NAME = "$(TARGET_NAME)";
			};
			name = Release;
		};
		412084C31E635612002A1039 /* Debug */ = {
			isa = XCBuildConfiguration;
			buildSettings = {
				DEVELOPMENT_TEAM = XPL37BB5X6;
				HEADER_SEARCH_PATHS = /usr/local/Cellar/opencv3/3.2.0/include;
				LIBRARY_SEARCH_PATHS = (
					"$(inherited)",
					"$(PROJECT_DIR)/OpenCV",
				);
				PRODUCT_NAME = "$(TARGET_NAME)";
			};
			name = Debug;
		};
		412084C41E635612002A1039 /* Release */ = {
			isa = XCBuildConfiguration;
			buildSettings = {
				DEVELOPMENT_TEAM = XPL37BB5X6;
				HEADER_SEARCH_PATHS = /usr/local/Cellar/opencv3/3.2.0/include;
				LIBRARY_SEARCH_PATHS = (
					"$(inherited)",
					"$(PROJECT_DIR)/OpenCV",
				);
				PRODUCT_NAME = "$(TARGET_NAME)";
			};
			name = Release;
		};
		412084DA1E635BF1002A1039 /* Debug */ = {
			isa = XCBuildConfiguration;
			buildSettings = {
				DEVELOPMENT_TEAM = XPL37BB5X6;
				HEADER_SEARCH_PATHS = /usr/local/Cellar/opencv3/3.2.0/include;
				LIBRARY_SEARCH_PATHS = (
					"$(inherited)",
					"$(PROJECT_DIR)/OpenCV",
				);
				PRODUCT_NAME = "$(TARGET_NAME)";
			};
			name = Debug;
		};
		412084DB1E635BF1002A1039 /* Release */ = {
			isa = XCBuildConfiguration;
			buildSettings = {
				DEVELOPMENT_TEAM = XPL37BB5X6;
				HEADER_SEARCH_PATHS = /usr/local/Cellar/opencv3/3.2.0/include;
				LIBRARY_SEARCH_PATHS = (
					"$(inherited)",
					"$(PROJECT_DIR)/OpenCV",
				);
				PRODUCT_NAME = "$(TARGET_NAME)";
			};
			name = Release;
		};
		41C4047C1E6673900083F841 /* Debug */ = {
			isa = XCBuildConfiguration;
			buildSettings = {
				DEVELOPMENT_TEAM = XPL37BB5X6;
				PRODUCT_NAME = "$(TARGET_NAME)";
			};
			name = Debug;
		};
		41C4047D1E6673900083F841 /* Release */ = {
			isa = XCBuildConfiguration;
			buildSettings = {
				DEVELOPMENT_TEAM = XPL37BB5X6;
				PRODUCT_NAME = "$(TARGET_NAME)";
			};
			name = Release;
		};
		41C97EA71E6A35060039FB5E /* Debug */ = {
			isa = XCBuildConfiguration;
			buildSettings = {
				ALWAYS_SEARCH_USER_PATHS = NO;
				DEVELOPMENT_TEAM = XPL37BB5X6;
				PRODUCT_NAME = "$(TARGET_NAME)";
			};
			name = Debug;
		};
		41C97EA81E6A35060039FB5E /* Release */ = {
			isa = XCBuildConfiguration;
			buildSettings = {
				ALWAYS_SEARCH_USER_PATHS = NO;
				DEVELOPMENT_TEAM = XPL37BB5X6;
				PRODUCT_NAME = "$(TARGET_NAME)";
			};
			name = Release;
		};
/* End XCBuildConfiguration section */

/* Begin XCConfigurationList section */
		412084411E61B6A2002A1039 /* Build configuration list for PBXProject "RobotHu" */ = {
			isa = XCConfigurationList;
			buildConfigurations = (
				4120844B1E61B6A2002A1039 /* Debug */,
				4120844C1E61B6A2002A1039 /* Release */,
			);
			defaultConfigurationIsVisible = 0;
			defaultConfigurationName = Release;
		};
		4120844D1E61B6A2002A1039 /* Build configuration list for PBXNativeTarget "RobotHu" */ = {
			isa = XCConfigurationList;
			buildConfigurations = (
				4120844E1E61B6A2002A1039 /* Debug */,
				4120844F1E61B6A2002A1039 /* Release */,
			);
			defaultConfigurationIsVisible = 0;
			defaultConfigurationName = Release;
		};
		4120845B1E61B70C002A1039 /* Build configuration list for PBXNativeTarget "generateMarker" */ = {
			isa = XCConfigurationList;
			buildConfigurations = (
				4120845C1E61B70C002A1039 /* Debug */,
				4120845D1E61B70C002A1039 /* Release */,
			);
			defaultConfigurationIsVisible = 0;
			defaultConfigurationName = Release;
		};
		412084C21E635612002A1039 /* Build configuration list for PBXNativeTarget "calibrateCamera" */ = {
			isa = XCConfigurationList;
			buildConfigurations = (
				412084C31E635612002A1039 /* Debug */,
				412084C41E635612002A1039 /* Release */,
			);
			defaultConfigurationIsVisible = 0;
			defaultConfigurationName = Release;
		};
		412084D91E635BF1002A1039 /* Build configuration list for PBXNativeTarget "createBoard" */ = {
			isa = XCConfigurationList;
			buildConfigurations = (
				412084DA1E635BF1002A1039 /* Debug */,
				412084DB1E635BF1002A1039 /* Release */,
			);
			defaultConfigurationIsVisible = 0;
			defaultConfigurationName = Release;
		};
		41C4047E1E6673900083F841 /* Build configuration list for PBXNativeTarget "motorTest" */ = {
			isa = XCConfigurationList;
			buildConfigurations = (
				41C4047C1E6673900083F841 /* Debug */,
				41C4047D1E6673900083F841 /* Release */,
			);
			defaultConfigurationIsVisible = 0;
			defaultConfigurationName = Release;
		};
		41C97EA91E6A35060039FB5E /* Build configuration list for PBXNativeTarget "resetMotors" */ = {
			isa = XCConfigurationList;
			buildConfigurations = (
				41C97EA71E6A35060039FB5E /* Debug */,
				41C97EA81E6A35060039FB5E /* Release */,
			);
			defaultConfigurationIsVisible = 0;
			defaultConfigurationName = Release;
		};
/* End XCConfigurationList section */
	};
	rootObject = 4120843E1E61B6A2002A1039 /* Project object */;
}
